// !$*UTF8*$!
{
	archiveVersion = 1;
	classes = {
	};
	objectVersion = 46;
	objects = {

/* Begin PBXBuildFile section */
		17DA011E1D082B89006ED2EB /* LaunchScreen.storyboard in Resources */ = {isa = PBXBuildFile; fileRef = 17DA011C1D082B89006ED2EB /* LaunchScreen.storyboard */; };
		17FBDE9A1CCA7BD30025E597 /* Main.storyboard in Resources */ = {isa = PBXBuildFile; fileRef = 17FBDE981CCA7BD30025E597 /* Main.storyboard */; };
		C91BD9E11CAA9E1F00988865 /* SetUpSuccessViewController.swift in Sources */ = {isa = PBXBuildFile; fileRef = C91BD9E01CAA9E1F00988865 /* SetUpSuccessViewController.swift */; };
		C91BD9E51CAAA19400988865 /* SetUpFailureViewController.swift in Sources */ = {isa = PBXBuildFile; fileRef = C91BD9E41CAAA19400988865 /* SetUpFailureViewController.swift */; };
		C93070FC1CA14F0F00D90206 /* AppDelegate.swift in Sources */ = {isa = PBXBuildFile; fileRef = C93070FB1CA14F0F00D90206 /* AppDelegate.swift */; };
		C93070FE1CA14F0F00D90206 /* ViewController.swift in Sources */ = {isa = PBXBuildFile; fileRef = C93070FD1CA14F0F00D90206 /* ViewController.swift */; };
		C93071041CA14F1000D90206 /* WifiIntoducer.xcdatamodeld in Sources */ = {isa = PBXBuildFile; fileRef = C93071021CA14F1000D90206 /* WifiIntoducer.xcdatamodeld */; };
		C93071061CA14F1000D90206 /* Assets.xcassets in Resources */ = {isa = PBXBuildFile; fileRef = C93071051CA14F1000D90206 /* Assets.xcassets */; };
		C93071141CA14F1000D90206 /* WicedWiFiIntroducerTests.swift in Sources */ = {isa = PBXBuildFile; fileRef = C93071131CA14F1000D90206 /* WicedWiFiIntroducerTests.swift */; };
		C930711F1CA14F1000D90206 /* WicedWiFiIntroducerUITests.swift in Sources */ = {isa = PBXBuildFile; fileRef = C930711E1CA14F1000D90206 /* WicedWiFiIntroducerUITests.swift */; };
		C953F93D1CA3EA46006CCCCC /* CentralManager.swift in Sources */ = {isa = PBXBuildFile; fileRef = C953F93C1CA3EA46006CCCCC /* CentralManager.swift */; };
		C953F93F1CA3EA57006CCCCC /* DataManager.swift in Sources */ = {isa = PBXBuildFile; fileRef = C953F93E1CA3EA57006CCCCC /* DataManager.swift */; };
		C953F9411CA3EA5D006CCCCC /* Logger.swift in Sources */ = {isa = PBXBuildFile; fileRef = C953F9401CA3EA5D006CCCCC /* Logger.swift */; };
		C953F9431CA3EA60006CCCCC /* Peripheral.swift in Sources */ = {isa = PBXBuildFile; fileRef = C953F9421CA3EA60006CCCCC /* Peripheral.swift */; };
		C953F9451CA3EA65006CCCCC /* ScanningConfigureViewController.swift in Sources */ = {isa = PBXBuildFile; fileRef = C953F9441CA3EA65006CCCCC /* ScanningConfigureViewController.swift */; };
		C953F94B1CA3EA77006CCCCC /* SSIDNetwork.m in Sources */ = {isa = PBXBuildFile; fileRef = C953F94A1CA3EA77006CCCCC /* SSIDNetwork.m */; };
		C953F94F1CA3EA80006CCCCC /* WirelessSetupViewController.swift in Sources */ = {isa = PBXBuildFile; fileRef = C953F94E1CA3EA80006CCCCC /* WirelessSetupViewController.swift */; };
		C963B9B81CA2616D00580F85 /* caLPgXe.jpg in Resources */ = {isa = PBXBuildFile; fileRef = C963B9B71CA2616D00580F85 /* caLPgXe.jpg */; };
/* End PBXBuildFile section */

/* Begin PBXContainerItemProxy section */
		C93071101CA14F1000D90206 /* PBXContainerItemProxy */ = {
			isa = PBXContainerItemProxy;
			containerPortal = C93070F01CA14F0F00D90206 /* Project object */;
			proxyType = 1;
			remoteGlobalIDString = C93070F71CA14F0F00D90206;
			remoteInfo = WifiIntoducer;
		};
		C930711B1CA14F1000D90206 /* PBXContainerItemProxy */ = {
			isa = PBXContainerItemProxy;
			containerPortal = C93070F01CA14F0F00D90206 /* Project object */;
			proxyType = 1;
			remoteGlobalIDString = C93070F71CA14F0F00D90206;
			remoteInfo = WifiIntoducer;
		};
/* End PBXContainerItemProxy section */

/* Begin PBXFileReference section */
		17DA011D1D082B89006ED2EB /* Base */ = {isa = PBXFileReference; lastKnownFileType = file.storyboard; name = Base; path = Base.lproj/LaunchScreen.storyboard; sourceTree = "<group>"; };
		17FBDE991CCA7BD30025E597 /* Base */ = {isa = PBXFileReference; lastKnownFileType = file.storyboard; name = Base; path = Base.lproj/Main.storyboard; sourceTree = "<group>"; };
		C91BD9E01CAA9E1F00988865 /* SetUpSuccessViewController.swift */ = {isa = PBXFileReference; fileEncoding = 4; lastKnownFileType = sourcecode.swift; path = SetUpSuccessViewController.swift; sourceTree = "<group>"; };
		C91BD9E41CAAA19400988865 /* SetUpFailureViewController.swift */ = {isa = PBXFileReference; fileEncoding = 4; lastKnownFileType = sourcecode.swift; path = SetUpFailureViewController.swift; sourceTree = "<group>"; };
		C93070F81CA14F0F00D90206 /* WicedWiFiIntroducer.app */ = {isa = PBXFileReference; explicitFileType = wrapper.application; includeInIndex = 0; path = WicedWiFiIntroducer.app; sourceTree = BUILT_PRODUCTS_DIR; };
		C93070FB1CA14F0F00D90206 /* AppDelegate.swift */ = {isa = PBXFileReference; lastKnownFileType = sourcecode.swift; path = AppDelegate.swift; sourceTree = "<group>"; };
		C93070FD1CA14F0F00D90206 /* ViewController.swift */ = {isa = PBXFileReference; lastKnownFileType = sourcecode.swift; path = ViewController.swift; sourceTree = "<group>"; };
		C93071031CA14F1000D90206 /* WifiIntoducer.xcdatamodel */ = {isa = PBXFileReference; lastKnownFileType = wrapper.xcdatamodel; path = WifiIntoducer.xcdatamodel; sourceTree = "<group>"; };
		C93071051CA14F1000D90206 /* Assets.xcassets */ = {isa = PBXFileReference; lastKnownFileType = folder.assetcatalog; path = Assets.xcassets; sourceTree = "<group>"; };
		C930710A1CA14F1000D90206 /* Info.plist */ = {isa = PBXFileReference; lastKnownFileType = text.plist.xml; path = Info.plist; sourceTree = "<group>"; };
		C930710F1CA14F1000D90206 /* WicedWiFiIntroducerTests.xctest */ = {isa = PBXFileReference; explicitFileType = wrapper.cfbundle; includeInIndex = 0; path = WicedWiFiIntroducerTests.xctest; sourceTree = BUILT_PRODUCTS_DIR; };
		C93071131CA14F1000D90206 /* WicedWiFiIntroducerTests.swift */ = {isa = PBXFileReference; lastKnownFileType = sourcecode.swift; name = WicedWiFiIntroducerTests.swift; path = WicedWiFiIntroducerTests/WicedWiFiIntroducerTests.swift; sourceTree = "<group>"; };
		C93071151CA14F1000D90206 /* Info.plist */ = {isa = PBXFileReference; lastKnownFileType = text.plist; name = Info.plist; path = WicedWiFiIntroducerTests/Info.plist; sourceTree = "<group>"; };
		C930711A1CA14F1000D90206 /* WicedWiFiIntroducerUITests.xctest */ = {isa = PBXFileReference; explicitFileType = wrapper.cfbundle; includeInIndex = 0; path = WicedWiFiIntroducerUITests.xctest; sourceTree = BUILT_PRODUCTS_DIR; };
		C930711E1CA14F1000D90206 /* WicedWiFiIntroducerUITests.swift */ = {isa = PBXFileReference; lastKnownFileType = sourcecode.swift; name = WicedWiFiIntroducerUITests.swift; path = WicedWiFiIntroducerUITests/WicedWiFiIntroducerUITests.swift; sourceTree = "<group>"; };
		C93071201CA14F1000D90206 /* Info.plist */ = {isa = PBXFileReference; lastKnownFileType = text.plist; name = Info.plist; path = WicedWiFiIntroducerUITests/Info.plist; sourceTree = "<group>"; };
		C953F93C1CA3EA46006CCCCC /* CentralManager.swift */ = {isa = PBXFileReference; fileEncoding = 4; lastKnownFileType = sourcecode.swift; path = CentralManager.swift; sourceTree = "<group>"; };
		C953F93E1CA3EA57006CCCCC /* DataManager.swift */ = {isa = PBXFileReference; fileEncoding = 4; lastKnownFileType = sourcecode.swift; path = DataManager.swift; sourceTree = "<group>"; };
		C953F9401CA3EA5D006CCCCC /* Logger.swift */ = {isa = PBXFileReference; fileEncoding = 4; lastKnownFileType = sourcecode.swift; path = Logger.swift; sourceTree = "<group>"; };
		C953F9421CA3EA60006CCCCC /* Peripheral.swift */ = {isa = PBXFileReference; fileEncoding = 4; lastKnownFileType = sourcecode.swift; path = Peripheral.swift; sourceTree = "<group>"; };
		C953F9441CA3EA65006CCCCC /* ScanningConfigureViewController.swift */ = {isa = PBXFileReference; fileEncoding = 4; lastKnownFileType = sourcecode.swift; path = ScanningConfigureViewController.swift; sourceTree = "<group>"; };
		C953F9481CA3EA6C006CCCCC /* SSIDNetwork.h */ = {isa = PBXFileReference; lastKnownFileType = sourcecode.c.h; path = SSIDNetwork.h; sourceTree = "<group>"; };
		C953F9491CA3EA76006CCCCC /* WicedWiFiIntroducer-Bridging-Header.h */ = {isa = PBXFileReference; lastKnownFileType = sourcecode.c.h; name = "WicedWiFiIntroducer-Bridging-Header.h"; path = "WicedWiFiIntroducer/WicedWiFiIntroducer-Bridging-Header.h"; sourceTree = "<group>"; };
		C953F94A1CA3EA77006CCCCC /* SSIDNetwork.m */ = {isa = PBXFileReference; fileEncoding = 4; lastKnownFileType = sourcecode.c.objc; path = SSIDNetwork.m; sourceTree = "<group>"; };
		C953F94E1CA3EA80006CCCCC /* WirelessSetupViewController.swift */ = {isa = PBXFileReference; fileEncoding = 4; lastKnownFileType = sourcecode.swift; path = WirelessSetupViewController.swift; sourceTree = "<group>"; };
		C963B9B71CA2616D00580F85 /* caLPgXe.jpg */ = {isa = PBXFileReference; lastKnownFileType = image.jpeg; path = caLPgXe.jpg; sourceTree = SOURCE_ROOT; };
/* End PBXFileReference section */

/* Begin PBXFrameworksBuildPhase section */
		C93070F51CA14F0F00D90206 /* Frameworks */ = {
			isa = PBXFrameworksBuildPhase;
			buildActionMask = 2147483647;
			files = (
			);
			runOnlyForDeploymentPostprocessing = 0;
		};
		C930710C1CA14F1000D90206 /* Frameworks */ = {
			isa = PBXFrameworksBuildPhase;
			buildActionMask = 2147483647;
			files = (
			);
			runOnlyForDeploymentPostprocessing = 0;
		};
		C93071171CA14F1000D90206 /* Frameworks */ = {
			isa = PBXFrameworksBuildPhase;
			buildActionMask = 2147483647;
			files = (
			);
			runOnlyForDeploymentPostprocessing = 0;
		};
/* End PBXFrameworksBuildPhase section */

/* Begin PBXGroup section */
		C93070EF1CA14F0F00D90206 = {
			isa = PBXGroup;
			children = (
				C953F9491CA3EA76006CCCCC /* WicedWiFiIntroducer-Bridging-Header.h */,
				C93070FA1CA14F0F00D90206 /* WicedWiFiIntroducer */,
				C93071121CA14F1000D90206 /* WicedWiFiIntroducerTests */,
				C930711D1CA14F1000D90206 /* WicedWiFiIntroducerUITests */,
				C93070F91CA14F0F00D90206 /* Products */,
			);
			sourceTree = "<group>";
		};
		C93070F91CA14F0F00D90206 /* Products */ = {
			isa = PBXGroup;
			children = (
				C93070F81CA14F0F00D90206 /* WicedWiFiIntroducer.app */,
				C930710F1CA14F1000D90206 /* WicedWiFiIntroducerTests.xctest */,
				C930711A1CA14F1000D90206 /* WicedWiFiIntroducerUITests.xctest */,
			);
			name = Products;
			sourceTree = "<group>";
		};
		C93070FA1CA14F0F00D90206 /* WicedWiFiIntroducer */ = {
			isa = PBXGroup;
			children = (
				17DA011C1D082B89006ED2EB /* LaunchScreen.storyboard */,
				17FBDE981CCA7BD30025E597 /* Main.storyboard */,
				C953F94E1CA3EA80006CCCCC /* WirelessSetupViewController.swift */,
				C953F94A1CA3EA77006CCCCC /* SSIDNetwork.m */,
				C953F9481CA3EA6C006CCCCC /* SSIDNetwork.h */,
				C953F9441CA3EA65006CCCCC /* ScanningConfigureViewController.swift */,
				C953F9421CA3EA60006CCCCC /* Peripheral.swift */,
				C953F9401CA3EA5D006CCCCC /* Logger.swift */,
				C953F93E1CA3EA57006CCCCC /* DataManager.swift */,
				C953F93C1CA3EA46006CCCCC /* CentralManager.swift */,
				C93070FB1CA14F0F00D90206 /* AppDelegate.swift */,
				C93070FD1CA14F0F00D90206 /* ViewController.swift */,
				C963B9B71CA2616D00580F85 /* caLPgXe.jpg */,
				C93071051CA14F1000D90206 /* Assets.xcassets */,
				C930710A1CA14F1000D90206 /* Info.plist */,
				C93071021CA14F1000D90206 /* WifiIntoducer.xcdatamodeld */,
				C91BD9E01CAA9E1F00988865 /* SetUpSuccessViewController.swift */,
				C91BD9E41CAAA19400988865 /* SetUpFailureViewController.swift */,
			);
			path = WicedWiFiIntroducer;
			sourceTree = "<group>";
		};
		C93071121CA14F1000D90206 /* WicedWiFiIntroducerTests */ = {
			isa = PBXGroup;
			children = (
				C93071131CA14F1000D90206 /* WicedWiFiIntroducerTests.swift */,
				C93071151CA14F1000D90206 /* Info.plist */,
			);
			name = WicedWiFiIntroducerTests;
			path = WifiIntoducerTests;
			sourceTree = "<group>";
		};
		C930711D1CA14F1000D90206 /* WicedWiFiIntroducerUITests */ = {
			isa = PBXGroup;
			children = (
				C930711E1CA14F1000D90206 /* WicedWiFiIntroducerUITests.swift */,
				C93071201CA14F1000D90206 /* Info.plist */,
			);
			name = WicedWiFiIntroducerUITests;
			path = WifiIntoducerUITests;
			sourceTree = "<group>";
		};
/* End PBXGroup section */

/* Begin PBXNativeTarget section */
		C93070F71CA14F0F00D90206 /* WicedWiFiIntroducer */ = {
			isa = PBXNativeTarget;
			buildConfigurationList = C93071231CA14F1000D90206 /* Build configuration list for PBXNativeTarget "WicedWiFiIntroducer" */;
			buildPhases = (
				C93070F41CA14F0F00D90206 /* Sources */,
				C93070F51CA14F0F00D90206 /* Frameworks */,
				C93070F61CA14F0F00D90206 /* Resources */,
			);
			buildRules = (
			);
			dependencies = (
			);
			name = WicedWiFiIntroducer;
			productName = WifiIntoducer;
			productReference = C93070F81CA14F0F00D90206 /* WicedWiFiIntroducer.app */;
			productType = "com.apple.product-type.application";
		};
		C930710E1CA14F1000D90206 /* WicedWiFiIntroducerTests */ = {
			isa = PBXNativeTarget;
			buildConfigurationList = C93071261CA14F1000D90206 /* Build configuration list for PBXNativeTarget "WicedWiFiIntroducerTests" */;
			buildPhases = (
				C930710B1CA14F1000D90206 /* Sources */,
				C930710C1CA14F1000D90206 /* Frameworks */,
				C930710D1CA14F1000D90206 /* Resources */,
			);
			buildRules = (
			);
			dependencies = (
				C93071111CA14F1000D90206 /* PBXTargetDependency */,
			);
			name = WicedWiFiIntroducerTests;
			productName = WifiIntoducerTests;
			productReference = C930710F1CA14F1000D90206 /* WicedWiFiIntroducerTests.xctest */;
			productType = "com.apple.product-type.bundle.unit-test";
		};
		C93071191CA14F1000D90206 /* WicedWiFiIntroducerUITests */ = {
			isa = PBXNativeTarget;
			buildConfigurationList = C93071291CA14F1000D90206 /* Build configuration list for PBXNativeTarget "WicedWiFiIntroducerUITests" */;
			buildPhases = (
				C93071161CA14F1000D90206 /* Sources */,
				C93071171CA14F1000D90206 /* Frameworks */,
				C93071181CA14F1000D90206 /* Resources */,
			);
			buildRules = (
			);
			dependencies = (
				C930711C1CA14F1000D90206 /* PBXTargetDependency */,
			);
			name = WicedWiFiIntroducerUITests;
			productName = WifiIntoducerUITests;
			productReference = C930711A1CA14F1000D90206 /* WicedWiFiIntroducerUITests.xctest */;
			productType = "com.apple.product-type.bundle.ui-testing";
		};
/* End PBXNativeTarget section */

/* Begin PBXProject section */
		C93070F01CA14F0F00D90206 /* Project object */ = {
			isa = PBXProject;
			attributes = {
				LastSwiftUpdateCheck = 0710;
				LastUpgradeCheck = 0710;
				ORGANIZATIONNAME = bluth;
				TargetAttributes = {
					C93070F71CA14F0F00D90206 = {
						CreatedOnToolsVersion = 7.1;
						DevelopmentTeam = 8DCMDBQ25J;
						LastSwiftMigration = 0820;
						SystemCapabilities = {
							com.apple.BackgroundModes = {
								enabled = 1;
							};
						};
					};
					C930710E1CA14F1000D90206 = {
						CreatedOnToolsVersion = 7.1;
						DevelopmentTeam = 2VQ7YFNG46;
						LastSwiftMigration = 0820;
						TestTargetID = C93070F71CA14F0F00D90206;
					};
					C93071191CA14F1000D90206 = {
						CreatedOnToolsVersion = 7.1;
						DevelopmentTeam = 2VQ7YFNG46;
						LastSwiftMigration = 0820;
						TestTargetID = C93070F71CA14F0F00D90206;
					};
				};
			};
			buildConfigurationList = C93070F31CA14F0F00D90206 /* Build configuration list for PBXProject "WicedWiFiIntroducer" */;
			compatibilityVersion = "Xcode 3.2";
			developmentRegion = English;
			hasScannedForEncodings = 0;
			knownRegions = (
				en,
				Base,
			);
			mainGroup = C93070EF1CA14F0F00D90206;
			productRefGroup = C93070F91CA14F0F00D90206 /* Products */;
			projectDirPath = "";
			projectRoot = "";
			targets = (
				C93070F71CA14F0F00D90206 /* WicedWiFiIntroducer */,
				C930710E1CA14F1000D90206 /* WicedWiFiIntroducerTests */,
				C93071191CA14F1000D90206 /* WicedWiFiIntroducerUITests */,
			);
		};
/* End PBXProject section */

/* Begin PBXResourcesBuildPhase section */
		C93070F61CA14F0F00D90206 /* Resources */ = {
			isa = PBXResourcesBuildPhase;
			buildActionMask = 2147483647;
			files = (
				C93071061CA14F1000D90206 /* Assets.xcassets in Resources */,
				17DA011E1D082B89006ED2EB /* LaunchScreen.storyboard in Resources */,
				C963B9B81CA2616D00580F85 /* caLPgXe.jpg in Resources */,
				17FBDE9A1CCA7BD30025E597 /* Main.storyboard in Resources */,
			);
			runOnlyForDeploymentPostprocessing = 0;
		};
		C930710D1CA14F1000D90206 /* Resources */ = {
			isa = PBXResourcesBuildPhase;
			buildActionMask = 2147483647;
			files = (
			);
			runOnlyForDeploymentPostprocessing = 0;
		};
		C93071181CA14F1000D90206 /* Resources */ = {
			isa = PBXResourcesBuildPhase;
			buildActionMask = 2147483647;
			files = (
			);
			runOnlyForDeploymentPostprocessing = 0;
		};
/* End PBXResourcesBuildPhase section */

/* Begin PBXSourcesBuildPhase section */
		C93070F41CA14F0F00D90206 /* Sources */ = {
			isa = PBXSourcesBuildPhase;
			buildActionMask = 2147483647;
			files = (
				C91BD9E11CAA9E1F00988865 /* SetUpSuccessViewController.swift in Sources */,
				C93070FE1CA14F0F00D90206 /* ViewController.swift in Sources */,
				C953F9431CA3EA60006CCCCC /* Peripheral.swift in Sources */,
				C953F9451CA3EA65006CCCCC /* ScanningConfigureViewController.swift in Sources */,
				C953F9411CA3EA5D006CCCCC /* Logger.swift in Sources */,
				C953F93F1CA3EA57006CCCCC /* DataManager.swift in Sources */,
				C953F94F1CA3EA80006CCCCC /* WirelessSetupViewController.swift in Sources */,
				C91BD9E51CAAA19400988865 /* SetUpFailureViewController.swift in Sources */,
				C93070FC1CA14F0F00D90206 /* AppDelegate.swift in Sources */,
				C953F94B1CA3EA77006CCCCC /* SSIDNetwork.m in Sources */,
				C93071041CA14F1000D90206 /* WifiIntoducer.xcdatamodeld in Sources */,
				C953F93D1CA3EA46006CCCCC /* CentralManager.swift in Sources */,
			);
			runOnlyForDeploymentPostprocessing = 0;
		};
		C930710B1CA14F1000D90206 /* Sources */ = {
			isa = PBXSourcesBuildPhase;
			buildActionMask = 2147483647;
			files = (
				C93071141CA14F1000D90206 /* WicedWiFiIntroducerTests.swift in Sources */,
			);
			runOnlyForDeploymentPostprocessing = 0;
		};
		C93071161CA14F1000D90206 /* Sources */ = {
			isa = PBXSourcesBuildPhase;
			buildActionMask = 2147483647;
			files = (
				C930711F1CA14F1000D90206 /* WicedWiFiIntroducerUITests.swift in Sources */,
			);
			runOnlyForDeploymentPostprocessing = 0;
		};
/* End PBXSourcesBuildPhase section */

/* Begin PBXTargetDependency section */
		C93071111CA14F1000D90206 /* PBXTargetDependency */ = {
			isa = PBXTargetDependency;
			target = C93070F71CA14F0F00D90206 /* WicedWiFiIntroducer */;
			targetProxy = C93071101CA14F1000D90206 /* PBXContainerItemProxy */;
		};
		C930711C1CA14F1000D90206 /* PBXTargetDependency */ = {
			isa = PBXTargetDependency;
			target = C93070F71CA14F0F00D90206 /* WicedWiFiIntroducer */;
			targetProxy = C930711B1CA14F1000D90206 /* PBXContainerItemProxy */;
		};
/* End PBXTargetDependency section */

/* Begin PBXVariantGroup section */
		17DA011C1D082B89006ED2EB /* LaunchScreen.storyboard */ = {
			isa = PBXVariantGroup;
			children = (
				17DA011D1D082B89006ED2EB /* Base */,
			);
			name = LaunchScreen.storyboard;
			sourceTree = "<group>";
		};
		17FBDE981CCA7BD30025E597 /* Main.storyboard */ = {
			isa = PBXVariantGroup;
			children = (
				17FBDE991CCA7BD30025E597 /* Base */,
			);
			name = Main.storyboard;
			sourceTree = "<group>";
		};
/* End PBXVariantGroup section */

/* Begin XCBuildConfiguration section */
		C93071211CA14F1000D90206 /* Debug */ = {
			isa = XCBuildConfiguration;
			buildSettings = {
				ALWAYS_SEARCH_USER_PATHS = NO;
				CLANG_CXX_LANGUAGE_STANDARD = "gnu++0x";
				CLANG_CXX_LIBRARY = "libc++";
				CLANG_ENABLE_MODULES = YES;
				CLANG_ENABLE_OBJC_ARC = YES;
				CLANG_WARN_BOOL_CONVERSION = YES;
				CLANG_WARN_CONSTANT_CONVERSION = YES;
				CLANG_WARN_DIRECT_OBJC_ISA_USAGE = YES_ERROR;
				CLANG_WARN_EMPTY_BODY = YES;
				CLANG_WARN_ENUM_CONVERSION = YES;
				CLANG_WARN_INT_CONVERSION = YES;
				CLANG_WARN_OBJC_ROOT_CLASS = YES_ERROR;
				CLANG_WARN_UNREACHABLE_CODE = YES;
				CLANG_WARN__DUPLICATE_METHOD_MATCH = YES;
				"CODE_SIGN_IDENTITY[sdk=iphoneos*]" = "iPhone Developer";
				COPY_PHASE_STRIP = NO;
				DEBUG_INFORMATION_FORMAT = dwarf;
				ENABLE_STRICT_OBJC_MSGSEND = YES;
				ENABLE_TESTABILITY = YES;
				GCC_C_LANGUAGE_STANDARD = gnu99;
				GCC_DYNAMIC_NO_PIC = NO;
				GCC_NO_COMMON_BLOCKS = YES;
				GCC_OPTIMIZATION_LEVEL = 0;
				GCC_PREPROCESSOR_DEFINITIONS = (
					"DEBUG=1",
					"$(inherited)",
				);
				GCC_WARN_64_TO_32_BIT_CONVERSION = YES;
				GCC_WARN_ABOUT_RETURN_TYPE = YES_ERROR;
				GCC_WARN_UNDECLARED_SELECTOR = YES;
				GCC_WARN_UNINITIALIZED_AUTOS = YES_AGGRESSIVE;
				GCC_WARN_UNUSED_FUNCTION = YES;
				GCC_WARN_UNUSED_VARIABLE = YES;
				IPHONEOS_DEPLOYMENT_TARGET = 9.0;
				MTL_ENABLE_DEBUG_INFO = YES;
				ONLY_ACTIVE_ARCH = YES;
				SDKROOT = iphoneos;
				SWIFT_OPTIMIZATION_LEVEL = "-Onone";
			};
			name = Debug;
		};
		C93071221CA14F1000D90206 /* Release */ = {
			isa = XCBuildConfiguration;
			buildSettings = {
				ALWAYS_SEARCH_USER_PATHS = NO;
				CLANG_CXX_LANGUAGE_STANDARD = "gnu++0x";
				CLANG_CXX_LIBRARY = "libc++";
				CLANG_ENABLE_MODULES = YES;
				CLANG_ENABLE_OBJC_ARC = YES;
				CLANG_WARN_BOOL_CONVERSION = YES;
				CLANG_WARN_CONSTANT_CONVERSION = YES;
				CLANG_WARN_DIRECT_OBJC_ISA_USAGE = YES_ERROR;
				CLANG_WARN_EMPTY_BODY = YES;
				CLANG_WARN_ENUM_CONVERSION = YES;
				CLANG_WARN_INT_CONVERSION = YES;
				CLANG_WARN_OBJC_ROOT_CLASS = YES_ERROR;
				CLANG_WARN_UNREACHABLE_CODE = YES;
				CLANG_WARN__DUPLICATE_METHOD_MATCH = YES;
				"CODE_SIGN_IDENTITY[sdk=iphoneos*]" = "iPhone Developer";
				COPY_PHASE_STRIP = NO;
				DEBUG_INFORMATION_FORMAT = "dwarf-with-dsym";
				ENABLE_NS_ASSERTIONS = NO;
				ENABLE_STRICT_OBJC_MSGSEND = YES;
				GCC_C_LANGUAGE_STANDARD = gnu99;
				GCC_NO_COMMON_BLOCKS = YES;
				GCC_WARN_64_TO_32_BIT_CONVERSION = YES;
				GCC_WARN_ABOUT_RETURN_TYPE = YES_ERROR;
				GCC_WARN_UNDECLARED_SELECTOR = YES;
				GCC_WARN_UNINITIALIZED_AUTOS = YES_AGGRESSIVE;
				GCC_WARN_UNUSED_FUNCTION = YES;
				GCC_WARN_UNUSED_VARIABLE = YES;
				IPHONEOS_DEPLOYMENT_TARGET = 9.0;
				MTL_ENABLE_DEBUG_INFO = NO;
				SDKROOT = iphoneos;
				VALIDATE_PRODUCT = YES;
			};
			name = Release;
		};
		C93071241CA14F1000D90206 /* Debug */ = {
			isa = XCBuildConfiguration;
			buildSettings = {
				ASSETCATALOG_COMPILER_APPICON_NAME = AppIcon;
				CLANG_ENABLE_MODULES = YES;
				CODE_SIGN_IDENTITY = "iPhone Developer";
				"CODE_SIGN_IDENTITY[sdk=iphoneos*]" = "iPhone Developer";
				DEVELOPMENT_TEAM = 8DCMDBQ25J;
				INFOPLIST_FILE = WicedWiFiIntroducer/Info.plist;
				IPHONEOS_DEPLOYMENT_TARGET = 10.2;
				LD_RUNPATH_SEARCH_PATHS = "$(inherited) @executable_path/Frameworks";
				PRODUCT_BUNDLE_IDENTIFIER = brcm.com.WicedWiFiIntroducerCY;
				PRODUCT_NAME = "$(TARGET_NAME)";
				PROVISIONING_PROFILE = "";
				SWIFT_OBJC_BRIDGING_HEADER = "WicedWiFiIntroducer/WicedWiFiIntroducer-Bridging-Header.h";
				SWIFT_OPTIMIZATION_LEVEL = "-Onone";
				SWIFT_VERSION = 3.0;
				TARGETED_DEVICE_FAMILY = "1,2";
			};
			name = Debug;
		};
		C93071251CA14F1000D90206 /* Release */ = {
			isa = XCBuildConfiguration;
			buildSettings = {
				ASSETCATALOG_COMPILER_APPICON_NAME = AppIcon;
				CLANG_ENABLE_MODULES = YES;
				CODE_SIGN_IDENTITY = "iPhone Developer";
				"CODE_SIGN_IDENTITY[sdk=iphoneos*]" = "iPhone Developer";
				DEVELOPMENT_TEAM = 8DCMDBQ25J;
				INFOPLIST_FILE = WicedWiFiIntroducer/Info.plist;
				IPHONEOS_DEPLOYMENT_TARGET = 10.2;
				LD_RUNPATH_SEARCH_PATHS = "$(inherited) @executable_path/Frameworks";
				PRODUCT_BUNDLE_IDENTIFIER = brcm.com.WicedWiFiIntroducerCY;
				PRODUCT_NAME = "$(TARGET_NAME)";
				PROVISIONING_PROFILE = "";
				SWIFT_OBJC_BRIDGING_HEADER = "WicedWiFiIntroducer/WicedWiFiIntroducer-Bridging-Header.h";
				SWIFT_VERSION = 3.0;
				TARGETED_DEVICE_FAMILY = "1,2";
			};
			name = Release;
		};
		C93071271CA14F1000D90206 /* Debug */ = {
			isa = XCBuildConfiguration;
			buildSettings = {
				BUNDLE_LOADER = "$(TEST_HOST)";
				INFOPLIST_FILE = WicedWiFiIntroducerTests/Info.plist;
				LD_RUNPATH_SEARCH_PATHS = "$(inherited) @executable_path/Frameworks @loader_path/Frameworks";
				PRODUCT_BUNDLE_IDENTIFIER = bcm.WicedWiFiIntroducerTests;
				PRODUCT_NAME = "$(TARGET_NAME)";
				SWIFT_VERSION = 3.0;
				TEST_HOST = "$(BUILT_PRODUCTS_DIR)/WicedWiFiIntroducer.app/WicedWiFiIntroducer";
			};
			name = Debug;
		};
		C93071281CA14F1000D90206 /* Release */ = {
			isa = XCBuildConfiguration;
			buildSettings = {
				BUNDLE_LOADER = "$(TEST_HOST)";
				INFOPLIST_FILE = WicedWiFiIntroducerTests/Info.plist;
				LD_RUNPATH_SEARCH_PATHS = "$(inherited) @executable_path/Frameworks @loader_path/Frameworks";
				PRODUCT_BUNDLE_IDENTIFIER = bcm.WicedWiFiIntroducerTests;
				PRODUCT_NAME = "$(TARGET_NAME)";
				SWIFT_VERSION = 3.0;
				TEST_HOST = "$(BUILT_PRODUCTS_DIR)/WicedWiFiIntroducer.app/WicedWiFiIntroducer";
			};
			name = Release;
		};
		C930712A1CA14F1000D90206 /* Debug */ = {
			isa = XCBuildConfiguration;
			buildSettings = {
				INFOPLIST_FILE = WicedWiFiIntroducerUITests/Info.plist;
				LD_RUNPATH_SEARCH_PATHS = "$(inherited) @executable_path/Frameworks @loader_path/Frameworks";
				PRODUCT_BUNDLE_IDENTIFIER = bcm.WicedWiFiIntroducerUITests;
				PRODUCT_NAME = "$(TARGET_NAME)";
				SWIFT_VERSION = 3.0;
				TEST_TARGET_NAME = WicedWiFiIntroducer;
				USES_XCTRUNNER = YES;
			};
			name = Debug;
		};
		C930712B1CA14F1000D90206 /* Release */ = {
			isa = XCBuildConfiguration;
			buildSettings = {
				INFOPLIST_FILE = WicedWiFiIntroducerUITests/Info.plist;
				LD_RUNPATH_SEARCH_PATHS = "$(inherited) @executable_path/Frameworks @loader_path/Frameworks";
				PRODUCT_BUNDLE_IDENTIFIER = bcm.WicedWiFiIntroducerUITests;
				PRODUCT_NAME = "$(TARGET_NAME)";
				SWIFT_VERSION = 3.0;
				TEST_TARGET_NAME = WicedWiFiIntroducer;
				USES_XCTRUNNER = YES;
			};
			name = Release;
		};
/* End XCBuildConfiguration section */

/* Begin XCConfigurationList section */
		C93070F31CA14F0F00D90206 /* Build configuration list for PBXProject "WicedWiFiIntroducer" */ = {
			isa = XCConfigurationList;
			buildConfigurations = (
				C93071211CA14F1000D90206 /* Debug */,
				C93071221CA14F1000D90206 /* Release */,
			);
			defaultConfigurationIsVisible = 0;
			defaultConfigurationName = Release;
		};
		C93071231CA14F1000D90206 /* Build configuration list for PBXNativeTarget "WicedWiFiIntroducer" */ = {
			isa = XCConfigurationList;
			buildConfigurations = (
				C93071241CA14F1000D90206 /* Debug */,
				C93071251CA14F1000D90206 /* Release */,
			);
			defaultConfigurationIsVisible = 0;
			defaultConfigurationName = Release;
		};
		C93071261CA14F1000D90206 /* Build configuration list for PBXNativeTarget "WicedWiFiIntroducerTests" */ = {
			isa = XCConfigurationList;
			buildConfigurations = (
				C93071271CA14F1000D90206 /* Debug */,
				C93071281CA14F1000D90206 /* Release */,
			);
			defaultConfigurationIsVisible = 0;
			defaultConfigurationName = Release;
		};
		C93071291CA14F1000D90206 /* Build configuration list for PBXNativeTarget "WicedWiFiIntroducerUITests" */ = {
			isa = XCConfigurationList;
			buildConfigurations = (
				C930712A1CA14F1000D90206 /* Debug */,
				C930712B1CA14F1000D90206 /* Release */,
			);
			defaultConfigurationIsVisible = 0;
			defaultConfigurationName = Release;
		};
/* End XCConfigurationList section */

/* Begin XCVersionGroup section */
		C93071021CA14F1000D90206 /* WifiIntoducer.xcdatamodeld */ = {
			isa = XCVersionGroup;
			children = (
				C93071031CA14F1000D90206 /* WifiIntoducer.xcdatamodel */,
			);
			currentVersion = C93071031CA14F1000D90206 /* WifiIntoducer.xcdatamodel */;
			path = WifiIntoducer.xcdatamodeld;
			sourceTree = "<group>";
			versionGroupType = wrapper.xcdatamodel;
		};
/* End XCVersionGroup section */
	};
	rootObject = C93070F01CA14F0F00D90206 /* Project object */;
}
